
Microsoft Visual Studio Solution File, Format Version 12.00
# Visual Studio Version 17
VisualStudioVersion = 17.12.35707.178
MinimumVisualStudioVersion = 10.0.40219.1
Project("{FAE04EC0-301F-11D3-BF4B-00C04F79EFBC}") = "BinanceDashboardAPI", "BinanceDashboardAPI.csproj", "{75D50A89-8983-4965-9D05-10C3F250D056}"
EndProject
Project("{FAE04EC0-301F-11D3-BF4B-00C04F79EFBC}") = "Common", "Common\Common.csproj", "{1FBA7803-C2D7-4BEB-BADE-CAA7594455AE}"
EndProject
Project("{FAE04EC0-301F-11D3-BF4B-00C04F79EFBC}") = "Interfaces", "Interfaces\Interfaces.csproj", "{86F69C4B-56A7-490B-909B-52B17CF64F01}"
EndProject
Project("{FAE04EC0-301F-11D3-BF4B-00C04F79EFBC}") = "Services", "Services\Services.csproj", "{36A6D48C-E798-4D5B-8D76-9F70685827B1}"
EndProject
Project("{FAE04EC0-301F-11D3-BF4B-00C04F79EFBC}") = "Models", "Models\Models.csproj", "{C19971DE-4BDF-4434-A4CD-75868B348D35}"
EndProject
Project("{FAE04EC0-301F-11D3-BF4B-00C04F79EFBC}") = "Clients", "Clients\Clients.csproj", "{5F4EC53A-3570-4607-B289-E006EA6D0A98}"
EndProject
Project("{FAE04EC0-301F-11D3-BF4B-00C04F79EFBC}") = "Tests", "Tests\Tests.csproj", "{45D95BEC-B3B8-47B6-8057-569A87B2B876}"
EndProject
Project("{FAE04EC0-301F-11D3-BF4B-00C04F79EFBC}") = "Repository", "DatabaseLayer\Repository.csproj", "{527433A8-3216-4812-8212-0B68CECEC34A}"
EndProject
Project("{FAE04EC0-301F-11D3-BF4B-00C04F79EFBC}") = "Database", "..\Database\Database.csproj", "{741E4E52-B52E-4422-9A59-3F627C08CA69}"
EndProject
Global
	GlobalSection(SolutionConfigurationPlatforms) = preSolution
		Debug|Any CPU = Debug|Any CPU
		Release|Any CPU = Release|Any CPU
	EndGlobalSection
	GlobalSection(ProjectConfigurationPlatforms) = postSolution
		{75D50A89-8983-4965-9D05-10C3F250D056}.Debug|Any CPU.ActiveCfg = Debug|Any CPU
		{75D50A89-8983-4965-9D05-10C3F250D056}.Debug|Any CPU.Build.0 = Debug|Any CPU
		{75D50A89-8983-4965-9D05-10C3F250D056}.Release|Any CPU.ActiveCfg = Release|Any CPU
		{75D50A89-8983-4965-9D05-10C3F250D056}.Release|Any CPU.Build.0 = Release|Any CPU
		{1FBA7803-C2D7-4BEB-BADE-CAA7594455AE}.Debug|Any CPU.ActiveCfg = Debug|Any CPU
		{1FBA7803-C2D7-4BEB-BADE-CAA7594455AE}.Debug|Any CPU.Build.0 = Debug|Any CPU
		{1FBA7803-C2D7-4BEB-BADE-CAA7594455AE}.Release|Any CPU.ActiveCfg = Release|Any CPU
		{1FBA7803-C2D7-4BEB-BADE-CAA7594455AE}.Release|Any CPU.Build.0 = Release|Any CPU
		{86F69C4B-56A7-490B-909B-52B17CF64F01}.Debug|Any CPU.ActiveCfg = Debug|Any CPU
		{86F69C4B-56A7-490B-909B-52B17CF64F01}.Debug|Any CPU.Build.0 = Debug|Any CPU
		{86F69C4B-56A7-490B-909B-52B17CF64F01}.Release|Any CPU.ActiveCfg = Release|Any CPU
		{86F69C4B-56A7-490B-909B-52B17CF64F01}.Release|Any CPU.Build.0 = Release|Any CPU
		{36A6D48C-E798-4D5B-8D76-9F70685827B1}.Debug|Any CPU.ActiveCfg = Debug|Any CPU
		{36A6D48C-E798-4D5B-8D76-9F70685827B1}.Debug|Any CPU.Build.0 = Debug|Any CPU
		{36A6D48C-E798-4D5B-8D76-9F70685827B1}.Release|Any CPU.ActiveCfg = Release|Any CPU
		{36A6D48C-E798-4D5B-8D76-9F70685827B1}.Release|Any CPU.Build.0 = Release|Any CPU
		{C19971DE-4BDF-4434-A4CD-75868B348D35}.Debug|Any CPU.ActiveCfg = Debug|Any CPU
		{C19971DE-4BDF-4434-A4CD-75868B348D35}.Debug|Any CPU.Build.0 = Debug|Any CPU
		{C19971DE-4BDF-4434-A4CD-75868B348D35}.Release|Any CPU.ActiveCfg = Release|Any CPU
		{C19971DE-4BDF-4434-A4CD-75868B348D35}.Release|Any CPU.Build.0 = Release|Any CPU
		{5F4EC53A-3570-4607-B289-E006EA6D0A98}.Debug|Any CPU.ActiveCfg = Debug|Any CPU
		{5F4EC53A-3570-4607-B289-E006EA6D0A98}.Debug|Any CPU.Build.0 = Debug|Any CPU
		{5F4EC53A-3570-4607-B289-E006EA6D0A98}.Release|Any CPU.ActiveCfg = Release|Any CPU
		{5F4EC53A-3570-4607-B289-E006EA6D0A98}.Release|Any CPU.Build.0 = Release|Any CPU
		{45D95BEC-B3B8-47B6-8057-569A87B2B876}.Debug|Any CPU.ActiveCfg = Debug|Any CPU
		{45D95BEC-B3B8-47B6-8057-569A87B2B876}.Debug|Any CPU.Build.0 = Debug|Any CPU
		{45D95BEC-B3B8-47B6-8057-569A87B2B876}.Release|Any CPU.ActiveCfg = Release|Any CPU
		{45D95BEC-B3B8-47B6-8057-569A87B2B876}.Release|Any CPU.Build.0 = Release|Any CPU
		{527433A8-3216-4812-8212-0B68CECEC34A}.Debug|Any CPU.ActiveCfg = Debug|Any CPU
		{527433A8-3216-4812-8212-0B68CECEC34A}.Debug|Any CPU.Build.0 = Debug|Any CPU
		{527433A8-3216-4812-8212-0B68CECEC34A}.Release|Any CPU.ActiveCfg = Release|Any CPU
		{527433A8-3216-4812-8212-0B68CECEC34A}.Release|Any CPU.Build.0 = Release|Any CPU
		{741E4E52-B52E-4422-9A59-3F627C08CA69}.Debug|Any CPU.ActiveCfg = Debug|Any CPU
		{741E4E52-B52E-4422-9A59-3F627C08CA69}.Debug|Any CPU.Build.0 = Debug|Any CPU
		{741E4E52-B52E-4422-9A59-3F627C08CA69}.Release|Any CPU.ActiveCfg = Release|Any CPU
		{741E4E52-B52E-4422-9A59-3F627C08CA69}.Release|Any CPU.Build.0 = Release|Any CPU
	EndGlobalSection
	GlobalSection(SolutionProperties) = preSolution
		HideSolutionNode = FALSE
	EndGlobalSection
EndGlobal
